
Microsoft Visual Studio Solution File, Format Version 12.00
# Visual Studio Version 17
VisualStudioVersion = 17.4.33110.190
MinimumVisualStudioVersion = 10.0.40219.1
Project("{9A19103F-16F7-4668-BE54-9A1E7A4F7556}") = "ITS.CPER.SimulatoreSmartWatch", "ITS.CPER.SimulatoreSmartWatch\ITS.CPER.SimulatoreSmartWatch.csproj", "{B03E0520-7521-4BE8-A221-743449C66453}"
EndProject
Project("{9A19103F-16F7-4668-BE54-9A1E7A4F7556}") = "ITS.CPER.SendDataQueue", "ITS.CPER.SendDataQueue\ITS.CPER.SendDataQueue.csproj", "{4145B279-78A5-443F-913A-E0E0D16A3679}"
EndProject
Project("{FAE04EC0-301F-11D3-BF4B-00C04F79EFBC}") = "ITS.CPER.DataDequeue", "ITS.CPER.DataDequeue\ITS.CPER.DataDequeue.csproj", "{88D95EBD-956A-4DF7-832C-3BD3C86AB736}"
EndProject
Global
	GlobalSection(SolutionConfigurationPlatforms) = preSolution
		Debug|Any CPU = Debug|Any CPU
		Release|Any CPU = Release|Any CPU
	EndGlobalSection
	GlobalSection(ProjectConfigurationPlatforms) = postSolution
		{B03E0520-7521-4BE8-A221-743449C66453}.Debug|Any CPU.ActiveCfg = Debug|Any CPU
		{B03E0520-7521-4BE8-A221-743449C66453}.Debug|Any CPU.Build.0 = Debug|Any CPU
		{B03E0520-7521-4BE8-A221-743449C66453}.Release|Any CPU.ActiveCfg = Release|Any CPU
		{B03E0520-7521-4BE8-A221-743449C66453}.Release|Any CPU.Build.0 = Release|Any CPU
		{4145B279-78A5-443F-913A-E0E0D16A3679}.Debug|Any CPU.ActiveCfg = Debug|Any CPU
		{4145B279-78A5-443F-913A-E0E0D16A3679}.Debug|Any CPU.Build.0 = Debug|Any CPU
		{4145B279-78A5-443F-913A-E0E0D16A3679}.Release|Any CPU.ActiveCfg = Release|Any CPU
		{4145B279-78A5-443F-913A-E0E0D16A3679}.Release|Any CPU.Build.0 = Release|Any CPU
		{88D95EBD-956A-4DF7-832C-3BD3C86AB736}.Debug|Any CPU.ActiveCfg = Debug|Any CPU
		{88D95EBD-956A-4DF7-832C-3BD3C86AB736}.Debug|Any CPU.Build.0 = Debug|Any CPU
		{88D95EBD-956A-4DF7-832C-3BD3C86AB736}.Release|Any CPU.ActiveCfg = Release|Any CPU
		{88D95EBD-956A-4DF7-832C-3BD3C86AB736}.Release|Any CPU.Build.0 = Release|Any CPU
	EndGlobalSection
	GlobalSection(SolutionProperties) = preSolution
		HideSolutionNode = FALSE
	EndGlobalSection
	GlobalSection(ExtensibilityGlobals) = postSolution
		SolutionGuid = {088E624B-CF99-42F9-88BD-A436566E66F2}
	EndGlobalSection
EndGlobal
